github.com/OneOfOne/xxhash v1.2.2/go.mod h1:HSdplMjZKSmBqAxg5vPj2TmRDmfkzw+cTzAElWljhcU=
github.com/cespare/xxhash v1.1.0 h1:a6HrQnmkObjyL+Gs60czilIUGqrzKutQD6XZog3p+ko=
github.com/cespare/xxhash v1.1.0/go.mod h1:XrSqR1VqqWfGrhpAt58auRo0WTKS1nRRg3ghfAqPWnc=
github.com/enescakir/emoji v1.0.0 h1:W+HsNql8swfCQFtioDGDHCHri8nudlK1n5p2rHCJoog=
github.com/enescakir/emoji v1.0.0/go.mod h1:Bt1EKuLnKDTYpLALApstIkAjdDrS/8IAgTkKp+WKFD0=
github.com/spaolacci/murmur3 v0.0.0-20180118202830-f09979ecbc72/go.mod h1:JwIasOWyU6f++ZhiEuf87xNszmSA2myDM2Kzu9HwQUA=
golang.org/x/exp v0.0.0-20230626212559-97b1e661b5df h1:UA2aFVmmsIlefxMk29Dp2juaUSth8Pyn3Tq5Y5mJGME=
golang.org/x/exp v0.0.0-20230626212559-97b1e661b5df/go.mod h1:FXUEEKJgO7OQYeo8N01OfiKP8RXMtf6e8aTskBGqWdc=
